
Microsoft Visual Studio Solution File, Format Version 12.00
# Visual Studio Version 17
VisualStudioVersion = 17.0.31903.59
MinimumVisualStudioVersion = 10.0.40219.1
Project("{FAE04EC0-301F-11D3-BF4B-00C04F79EFBC}") = "CarAPP", "CarAPP\CarAPP.csproj", "{11522B46-7321-443E-B0E5-2A59AE57F33C}"
EndProject
Global
	GlobalSection(SolutionConfigurationPlatforms) = preSolution
		Debug|Any CPU = Debug|Any CPU
		Release|Any CPU = Release|Any CPU
	EndGlobalSection
	GlobalSection(SolutionProperties) = preSolution
		HideSolutionNode = FALSE
	EndGlobalSection
	GlobalSection(ProjectConfigurationPlatforms) = postSolution
		{11522B46-7321-443E-B0E5-2A59AE57F33C}.Debug|Any CPU.ActiveCfg = Debug|Any CPU
		{11522B46-7321-443E-B0E5-2A59AE57F33C}.Debug|Any CPU.Build.0 = Debug|Any CPU
		{11522B46-7321-443E-B0E5-2A59AE57F33C}.Release|Any CPU.ActiveCfg = Release|Any CPU
		{11522B46-7321-443E-B0E5-2A59AE57F33C}.Release|Any CPU.Build.0 = Release|Any CPU
	EndGlobalSection
EndGlobal
